
Microsoft Visual Studio Solution File, Format Version 12.00
# Visual Studio Version 17
VisualStudioVersion = 17.4.33122.133
MinimumVisualStudioVersion = 10.0.40219.1
Project("{FAE04EC0-301F-11D3-BF4B-00C04F79EFBC}") = "TicTacToe", "TicTacToe.csproj", "{65C6C72B-B2B0-4A45-B2E5-288A9321DADE}"
EndProject
Global
	GlobalSection(SolutionConfigurationPlatforms) = preSolution
		Debug|Any CPU = Debug|Any CPU
		Release|Any CPU = Release|Any CPU
	EndGlobalSection
	GlobalSection(ProjectConfigurationPlatforms) = postSolution
		{65C6C72B-B2B0-4A45-B2E5-288A9321DADE}.Debug|Any CPU.ActiveCfg = Debug|Any CPU
		{65C6C72B-B2B0-4A45-B2E5-288A9321DADE}.Debug|Any CPU.Build.0 = Debug|Any CPU
		{65C6C72B-B2B0-4A45-B2E5-288A9321DADE}.Release|Any CPU.ActiveCfg = Release|Any CPU
		{65C6C72B-B2B0-4A45-B2E5-288A9321DADE}.Release|Any CPU.Build.0 = Release|Any CPU
	EndGlobalSection
	GlobalSection(SolutionProperties) = preSolution
		HideSolutionNode = FALSE
	EndGlobalSection
	GlobalSection(ExtensibilityGlobals) = postSolution
		SolutionGuid = {D4C42CF2-4AA8-4990-B44A-0F6721D2EEE5}
	EndGlobalSection
EndGlobal
